Microsoft Visual Studio Solution File, Format Version 12.00
# Visual Studio Version 17
VisualStudioVersion = 17.5.2.0
MinimumVisualStudioVersion = 10.0.40219.1
Project("{2150E333-8FDC-42A3-9474-1A3956D46DE8}") = "CHAPTER 2", "CHAPTER 2", "{8A7882CB-7098-2F20-6F9B-FECED1AF8719}"
EndProject
Project("{2150E333-8FDC-42A3-9474-1A3956D46DE8}") = "CHAPTER 3", "CHAPTER 3", "{CCD26AB5-7C0B-6722-865E-4839794C3445}"
EndProject
Project("{2150E333-8FDC-42A3-9474-1A3956D46DE8}") = "CHAPTER 5", "CHAPTER 5", "{22F12975-A57D-18CD-5215-33BB9E8FF878}"
EndProject
Project("{FAE04EC0-301F-11D3-BF4B-00C04F79EFBC}") = "Question1", "CHAPTER 2\Question1\Question1.csproj", "{CB488FEB-D5E0-029F-C0CB-7C5AD8A96D31}"
EndProject
Project("{FAE04EC0-301F-11D3-BF4B-00C04F79EFBC}") = "Question12", "CHAPTER 2\Question12\Question12.csproj", "{A6CE444B-BED7-92A3-39CC-C8D05575A60E}"
EndProject
Project("{FAE04EC0-301F-11D3-BF4B-00C04F79EFBC}") = "Question13", "CHAPTER 2\Question13\Question13.csproj", "{7E370B60-51A6-C235-0473-654F7603C593}"
EndProject
Project("{FAE04EC0-301F-11D3-BF4B-00C04F79EFBC}") = "Question2", "CHAPTER 2\Question2\Question2.csproj", "{A1BD8C26-BC98-A8AE-6597-6760A9B97970}"
EndProject
Project("{FAE04EC0-301F-11D3-BF4B-00C04F79EFBC}") = "Question3", "CHAPTER 2\Question6\Question3.csproj", "{ED6B529B-D93E-0D85-37D5-B05B8312BF22}"
EndProject
Project("{FAE04EC0-301F-11D3-BF4B-00C04F79EFBC}") = "Question7", "CHAPTER 2\Question7\Question7.csproj", "{DE9093C8-2177-991E-2061-061C2375166D}"
EndProject
Project("{FAE04EC0-301F-11D3-BF4B-00C04F79EFBC}") = "Question8", "CHAPTER 2\Question8\Question8.csproj", "{8E9CCD32-2C2C-51FA-5564-2C2620CCD76C}"
EndProject
Project("{FAE04EC0-301F-11D3-BF4B-00C04F79EFBC}") = "question9", "CHAPTER 2\Question9\question9.csproj", "{4CB14B15-52B7-8A4A-BA8C-C2008B40EEEF}"
EndProject
Project("{FAE04EC0-301F-11D3-BF4B-00C04F79EFBC}") = "Question10", "CHAPTER 3\Question10\Question10.csproj", "{DCF138CD-FBB5-0F9E-E600-27D3EAC3C475}"
EndProject
Project("{FAE04EC0-301F-11D3-BF4B-00C04F79EFBC}") = "Question14", "CHAPTER 3\Question14\Question14.csproj", "{A9652A3F-642C-C262-7A28-A757BB977707}"
EndProject
Project("{FAE04EC0-301F-11D3-BF4B-00C04F79EFBC}") = "Question2", "CHAPTER 3\Question2\Question2.csproj", "{3648F913-B670-EA10-DD1E-A3C941BFE854}"
EndProject
Project("{FAE04EC0-301F-11D3-BF4B-00C04F79EFBC}") = "Question3", "CHAPTER 3\Question3\Question3.csproj", "{B30A549A-3495-7964-C207-135209D22BBA}"
EndProject
Project("{FAE04EC0-301F-11D3-BF4B-00C04F79EFBC}") = "Question5", "CHAPTER 3\Question5\Question5.csproj", "{EF313881-052A-21EF-22FC-41DE0192C608}"
EndProject
Project("{FAE04EC0-301F-11D3-BF4B-00C04F79EFBC}") = "Question6", "CHAPTER 3\Question6\Question6.csproj", "{039EA5A3-E5DE-50E8-04EE-EF49392AB934}"
EndProject
Project("{FAE04EC0-301F-11D3-BF4B-00C04F79EFBC}") = "Question7", "CHAPTER 3\Question7\Question7.csproj", "{49955474-5E51-24D3-A235-C604EFC0F398}"
EndProject
Project("{FAE04EC0-301F-11D3-BF4B-00C04F79EFBC}") = "Question8", "CHAPTER 3\Question8\Question8.csproj", "{DC05D4CF-FFFB-7731-4086-9CD9A1F7BEB2}"
EndProject
Project("{FAE04EC0-301F-11D3-BF4B-00C04F79EFBC}") = "Question1", "CHAPTER 5\Question1\Question1.csproj", "{6E19ED9B-3269-5144-52BA-7E2FEAC5F17E}"
EndProject
Project("{FAE04EC0-301F-11D3-BF4B-00C04F79EFBC}") = "Question10", "CHAPTER 5\Question10\Question10.csproj", "{BA82D8D7-7254-6C7D-30DD-695E9EB48223}"
EndProject
Project("{FAE04EC0-301F-11D3-BF4B-00C04F79EFBC}") = "Question11", "CHAPTER 5\Question11\Question11.csproj", "{B9D68083-18C8-A70E-2B8A-A4DDDC9E4C60}"
EndProject
Project("{FAE04EC0-301F-11D3-BF4B-00C04F79EFBC}") = "Question3", "CHAPTER 5\Question3\Question3.csproj", "{38F2861E-0F15-C5F9-C756-EEA1B9C47AA5}"
EndProject
Project("{FAE04EC0-301F-11D3-BF4B-00C04F79EFBC}") = "Question5", "CHAPTER 5\Question5\Question5.csproj", "{45376D9D-0EE6-E1BF-B388-906755B7985D}"
EndProject
Project("{FAE04EC0-301F-11D3-BF4B-00C04F79EFBC}") = "Question6", "CHAPTER 5\Question6\Question6.csproj", "{519B83A2-F4B8-C885-2331-B1CCB34356B1}"
EndProject
Project("{FAE04EC0-301F-11D3-BF4B-00C04F79EFBC}") = "Question7", "CHAPTER 5\Question7\Question7.csproj", "{1A289AE6-4FCA-8EDE-C461-E608B2CA8203}"
EndProject
Project("{FAE04EC0-301F-11D3-BF4B-00C04F79EFBC}") = "Question8", "CHAPTER 5\Question8\Question8.csproj", "{2E98D09C-F401-5755-563E-FB6E4809F02E}"
EndProject
Global
	GlobalSection(SolutionConfigurationPlatforms) = preSolution
		Debug|Any CPU = Debug|Any CPU
		Release|Any CPU = Release|Any CPU
	EndGlobalSection
	GlobalSection(ProjectConfigurationPlatforms) = postSolution
		{CB488FEB-D5E0-029F-C0CB-7C5AD8A96D31}.Debug|Any CPU.ActiveCfg = Debug|Any CPU
		{CB488FEB-D5E0-029F-C0CB-7C5AD8A96D31}.Debug|Any CPU.Build.0 = Debug|Any CPU
		{CB488FEB-D5E0-029F-C0CB-7C5AD8A96D31}.Release|Any CPU.ActiveCfg = Release|Any CPU
		{CB488FEB-D5E0-029F-C0CB-7C5AD8A96D31}.Release|Any CPU.Build.0 = Release|Any CPU
		{A6CE444B-BED7-92A3-39CC-C8D05575A60E}.Debug|Any CPU.ActiveCfg = Debug|Any CPU
		{A6CE444B-BED7-92A3-39CC-C8D05575A60E}.Debug|Any CPU.Build.0 = Debug|Any CPU
		{A6CE444B-BED7-92A3-39CC-C8D05575A60E}.Release|Any CPU.ActiveCfg = Release|Any CPU
		{A6CE444B-BED7-92A3-39CC-C8D05575A60E}.Release|Any CPU.Build.0 = Release|Any CPU
		{7E370B60-51A6-C235-0473-654F7603C593}.Debug|Any CPU.ActiveCfg = Debug|Any CPU
		{7E370B60-51A6-C235-0473-654F7603C593}.Debug|Any CPU.Build.0 = Debug|Any CPU
		{7E370B60-51A6-C235-0473-654F7603C593}.Release|Any CPU.ActiveCfg = Release|Any CPU
		{7E370B60-51A6-C235-0473-654F7603C593}.Release|Any CPU.Build.0 = Release|Any CPU
		{A1BD8C26-BC98-A8AE-6597-6760A9B97970}.Debug|Any CPU.ActiveCfg = Debug|Any CPU
		{A1BD8C26-BC98-A8AE-6597-6760A9B97970}.Debug|Any CPU.Build.0 = Debug|Any CPU
		{A1BD8C26-BC98-A8AE-6597-6760A9B97970}.Release|Any CPU.ActiveCfg = Release|Any CPU
		{A1BD8C26-BC98-A8AE-6597-6760A9B97970}.Release|Any CPU.Build.0 = Release|Any CPU
		{ED6B529B-D93E-0D85-37D5-B05B8312BF22}.Debug|Any CPU.ActiveCfg = Debug|Any CPU
		{ED6B529B-D93E-0D85-37D5-B05B8312BF22}.Debug|Any CPU.Build.0 = Debug|Any CPU
		{ED6B529B-D93E-0D85-37D5-B05B8312BF22}.Release|Any CPU.ActiveCfg = Release|Any CPU
		{ED6B529B-D93E-0D85-37D5-B05B8312BF22}.Release|Any CPU.Build.0 = Release|Any CPU
		{DE9093C8-2177-991E-2061-061C2375166D}.Debug|Any CPU.ActiveCfg = Debug|Any CPU
		{DE9093C8-2177-991E-2061-061C2375166D}.Debug|Any CPU.Build.0 = Debug|Any CPU
		{DE9093C8-2177-991E-2061-061C2375166D}.Release|Any CPU.ActiveCfg = Release|Any CPU
		{DE9093C8-2177-991E-2061-061C2375166D}.Release|Any CPU.Build.0 = Release|Any CPU
		{8E9CCD32-2C2C-51FA-5564-2C2620CCD76C}.Debug|Any CPU.ActiveCfg = Debug|Any CPU
		{8E9CCD32-2C2C-51FA-5564-2C2620CCD76C}.Debug|Any CPU.Build.0 = Debug|Any CPU
		{8E9CCD32-2C2C-51FA-5564-2C2620CCD76C}.Release|Any CPU.ActiveCfg = Release|Any CPU
		{8E9CCD32-2C2C-51FA-5564-2C2620CCD76C}.Release|Any CPU.Build.0 = Release|Any CPU
		{4CB14B15-52B7-8A4A-BA8C-C2008B40EEEF}.Debug|Any CPU.ActiveCfg = Debug|Any CPU
		{4CB14B15-52B7-8A4A-BA8C-C2008B40EEEF}.Debug|Any CPU.Build.0 = Debug|Any CPU
		{4CB14B15-52B7-8A4A-BA8C-C2008B40EEEF}.Release|Any CPU.ActiveCfg = Release|Any CPU
		{4CB14B15-52B7-8A4A-BA8C-C2008B40EEEF}.Release|Any CPU.Build.0 = Release|Any CPU
		{DCF138CD-FBB5-0F9E-E600-27D3EAC3C475}.Debug|Any CPU.ActiveCfg = Debug|Any CPU
		{DCF138CD-FBB5-0F9E-E600-27D3EAC3C475}.Debug|Any CPU.Build.0 = Debug|Any CPU
		{DCF138CD-FBB5-0F9E-E600-27D3EAC3C475}.Release|Any CPU.ActiveCfg = Release|Any CPU
		{DCF138CD-FBB5-0F9E-E600-27D3EAC3C475}.Release|Any CPU.Build.0 = Release|Any CPU
		{A9652A3F-642C-C262-7A28-A757BB977707}.Debug|Any CPU.ActiveCfg = Debug|Any CPU
		{A9652A3F-642C-C262-7A28-A757BB977707}.Debug|Any CPU.Build.0 = Debug|Any CPU
		{A9652A3F-642C-C262-7A28-A757BB977707}.Release|Any CPU.ActiveCfg = Release|Any CPU
		{A9652A3F-642C-C262-7A28-A757BB977707}.Release|Any CPU.Build.0 = Release|Any CPU
		{3648F913-B670-EA10-DD1E-A3C941BFE854}.Debug|Any CPU.ActiveCfg = Debug|Any CPU
		{3648F913-B670-EA10-DD1E-A3C941BFE854}.Debug|Any CPU.Build.0 = Debug|Any CPU
		{3648F913-B670-EA10-DD1E-A3C941BFE854}.Release|Any CPU.ActiveCfg = Release|Any CPU
		{3648F913-B670-EA10-DD1E-A3C941BFE854}.Release|Any CPU.Build.0 = Release|Any CPU
		{B30A549A-3495-7964-C207-135209D22BBA}.Debug|Any CPU.ActiveCfg = Debug|Any CPU
		{B30A549A-3495-7964-C207-135209D22BBA}.Debug|Any CPU.Build.0 = Debug|Any CPU
		{B30A549A-3495-7964-C207-135209D22BBA}.Release|Any CPU.ActiveCfg = Release|Any CPU
		{B30A549A-3495-7964-C207-135209D22BBA}.Release|Any CPU.Build.0 = Release|Any CPU
		{EF313881-052A-21EF-22FC-41DE0192C608}.Debug|Any CPU.ActiveCfg = Debug|Any CPU
		{EF313881-052A-21EF-22FC-41DE0192C608}.Debug|Any CPU.Build.0 = Debug|Any CPU
		{EF313881-052A-21EF-22FC-41DE0192C608}.Release|Any CPU.ActiveCfg = Release|Any CPU
		{EF313881-052A-21EF-22FC-41DE0192C608}.Release|Any CPU.Build.0 = Release|Any CPU
		{039EA5A3-E5DE-50E8-04EE-EF49392AB934}.Debug|Any CPU.ActiveCfg = Debug|Any CPU
		{039EA5A3-E5DE-50E8-04EE-EF49392AB934}.Debug|Any CPU.Build.0 = Debug|Any CPU
		{039EA5A3-E5DE-50E8-04EE-EF49392AB934}.Release|Any CPU.ActiveCfg = Release|Any CPU
		{039EA5A3-E5DE-50E8-04EE-EF49392AB934}.Release|Any CPU.Build.0 = Release|Any CPU
		{49955474-5E51-24D3-A235-C604EFC0F398}.Debug|Any CPU.ActiveCfg = Debug|Any CPU
		{49955474-5E51-24D3-A235-C604EFC0F398}.Debug|Any CPU.Build.0 = Debug|Any CPU
		{49955474-5E51-24D3-A235-C604EFC0F398}.Release|Any CPU.ActiveCfg = Release|Any CPU
		{49955474-5E51-24D3-A235-C604EFC0F398}.Release|Any CPU.Build.0 = Release|Any CPU
		{DC05D4CF-FFFB-7731-4086-9CD9A1F7BEB2}.Debug|Any CPU.ActiveCfg = Debug|Any CPU
		{DC05D4CF-FFFB-7731-4086-9CD9A1F7BEB2}.Debug|Any CPU.Build.0 = Debug|Any CPU
		{DC05D4CF-FFFB-7731-4086-9CD9A1F7BEB2}.Release|Any CPU.ActiveCfg = Release|Any CPU
		{DC05D4CF-FFFB-7731-4086-9CD9A1F7BEB2}.Release|Any CPU.Build.0 = Release|Any CPU
		{6E19ED9B-3269-5144-52BA-7E2FEAC5F17E}.Debug|Any CPU.ActiveCfg = Debug|Any CPU
		{6E19ED9B-3269-5144-52BA-7E2FEAC5F17E}.Debug|Any CPU.Build.0 = Debug|Any CPU
		{6E19ED9B-3269-5144-52BA-7E2FEAC5F17E}.Release|Any CPU.ActiveCfg = Release|Any CPU
		{6E19ED9B-3269-5144-52BA-7E2FEAC5F17E}.Release|Any CPU.Build.0 = Release|Any CPU
		{BA82D8D7-7254-6C7D-30DD-695E9EB48223}.Debug|Any CPU.ActiveCfg = Debug|Any CPU
		{BA82D8D7-7254-6C7D-30DD-695E9EB48223}.Debug|Any CPU.Build.0 = Debug|Any CPU
		{BA82D8D7-7254-6C7D-30DD-695E9EB48223}.Release|Any CPU.ActiveCfg = Release|Any CPU
		{BA82D8D7-7254-6C7D-30DD-695E9EB48223}.Release|Any CPU.Build.0 = Release|Any CPU
		{B9D68083-18C8-A70E-2B8A-A4DDDC9E4C60}.Debug|Any CPU.ActiveCfg = Debug|Any CPU
		{B9D68083-18C8-A70E-2B8A-A4DDDC9E4C60}.Debug|Any CPU.Build.0 = Debug|Any CPU
		{B9D68083-18C8-A70E-2B8A-A4DDDC9E4C60}.Release|Any CPU.ActiveCfg = Release|Any CPU
		{B9D68083-18C8-A70E-2B8A-A4DDDC9E4C60}.Release|Any CPU.Build.0 = Release|Any CPU
		{38F2861E-0F15-C5F9-C756-EEA1B9C47AA5}.Debug|Any CPU.ActiveCfg = Debug|Any CPU
		{38F2861E-0F15-C5F9-C756-EEA1B9C47AA5}.Debug|Any CPU.Build.0 = Debug|Any CPU
		{38F2861E-0F15-C5F9-C756-EEA1B9C47AA5}.Release|Any CPU.ActiveCfg = Release|Any CPU
		{38F2861E-0F15-C5F9-C756-EEA1B9C47AA5}.Release|Any CPU.Build.0 = Release|Any CPU
		{45376D9D-0EE6-E1BF-B388-906755B7985D}.Debug|Any CPU.ActiveCfg = Debug|Any CPU
		{45376D9D-0EE6-E1BF-B388-906755B7985D}.Debug|Any CPU.Build.0 = Debug|Any CPU
		{45376D9D-0EE6-E1BF-B388-906755B7985D}.Release|Any CPU.ActiveCfg = Release|Any CPU
		{45376D9D-0EE6-E1BF-B388-906755B7985D}.Release|Any CPU.Build.0 = Release|Any CPU
		{519B83A2-F4B8-C885-2331-B1CCB34356B1}.Debug|Any CPU.ActiveCfg = Debug|Any CPU
		{519B83A2-F4B8-C885-2331-B1CCB34356B1}.Debug|Any CPU.Build.0 = Debug|Any CPU
		{519B83A2-F4B8-C885-2331-B1CCB34356B1}.Release|Any CPU.ActiveCfg = Release|Any CPU
		{519B83A2-F4B8-C885-2331-B1CCB34356B1}.Release|Any CPU.Build.0 = Release|Any CPU
		{1A289AE6-4FCA-8EDE-C461-E608B2CA8203}.Debug|Any CPU.ActiveCfg = Debug|Any CPU
		{1A289AE6-4FCA-8EDE-C461-E608B2CA8203}.Debug|Any CPU.Build.0 = Debug|Any CPU
		{1A289AE6-4FCA-8EDE-C461-E608B2CA8203}.Release|Any CPU.ActiveCfg = Release|Any CPU
		{1A289AE6-4FCA-8EDE-C461-E608B2CA8203}.Release|Any CPU.Build.0 = Release|Any CPU
		{2E98D09C-F401-5755-563E-FB6E4809F02E}.Debug|Any CPU.ActiveCfg = Debug|Any CPU
		{2E98D09C-F401-5755-563E-FB6E4809F02E}.Debug|Any CPU.Build.0 = Debug|Any CPU
		{2E98D09C-F401-5755-563E-FB6E4809F02E}.Release|Any CPU.ActiveCfg = Release|Any CPU
		{2E98D09C-F401-5755-563E-FB6E4809F02E}.Release|Any CPU.Build.0 = Release|Any CPU
	EndGlobalSection
	GlobalSection(SolutionProperties) = preSolution
		HideSolutionNode = FALSE
	EndGlobalSection
	GlobalSection(NestedProjects) = preSolution
		{CB488FEB-D5E0-029F-C0CB-7C5AD8A96D31} = {8A7882CB-7098-2F20-6F9B-FECED1AF8719}
		{A6CE444B-BED7-92A3-39CC-C8D05575A60E} = {8A7882CB-7098-2F20-6F9B-FECED1AF8719}
		{7E370B60-51A6-C235-0473-654F7603C593} = {8A7882CB-7098-2F20-6F9B-FECED1AF8719}
		{A1BD8C26-BC98-A8AE-6597-6760A9B97970} = {8A7882CB-7098-2F20-6F9B-FECED1AF8719}
		{ED6B529B-D93E-0D85-37D5-B05B8312BF22} = {8A7882CB-7098-2F20-6F9B-FECED1AF8719}
		{DE9093C8-2177-991E-2061-061C2375166D} = {8A7882CB-7098-2F20-6F9B-FECED1AF8719}
		{8E9CCD32-2C2C-51FA-5564-2C2620CCD76C} = {8A7882CB-7098-2F20-6F9B-FECED1AF8719}
		{4CB14B15-52B7-8A4A-BA8C-C2008B40EEEF} = {8A7882CB-7098-2F20-6F9B-FECED1AF8719}
		{DCF138CD-FBB5-0F9E-E600-27D3EAC3C475} = {CCD26AB5-7C0B-6722-865E-4839794C3445}
		{A9652A3F-642C-C262-7A28-A757BB977707} = {CCD26AB5-7C0B-6722-865E-4839794C3445}
		{3648F913-B670-EA10-DD1E-A3C941BFE854} = {CCD26AB5-7C0B-6722-865E-4839794C3445}
		{B30A549A-3495-7964-C207-135209D22BBA} = {CCD26AB5-7C0B-6722-865E-4839794C3445}
		{EF313881-052A-21EF-22FC-41DE0192C608} = {CCD26AB5-7C0B-6722-865E-4839794C3445}
		{039EA5A3-E5DE-50E8-04EE-EF49392AB934} = {CCD26AB5-7C0B-6722-865E-4839794C3445}
		{49955474-5E51-24D3-A235-C604EFC0F398} = {CCD26AB5-7C0B-6722-865E-4839794C3445}
		{DC05D4CF-FFFB-7731-4086-9CD9A1F7BEB2} = {CCD26AB5-7C0B-6722-865E-4839794C3445}
		{6E19ED9B-3269-5144-52BA-7E2FEAC5F17E} = {22F12975-A57D-18CD-5215-33BB9E8FF878}
		{BA82D8D7-7254-6C7D-30DD-695E9EB48223} = {22F12975-A57D-18CD-5215-33BB9E8FF878}
		{B9D68083-18C8-A70E-2B8A-A4DDDC9E4C60} = {22F12975-A57D-18CD-5215-33BB9E8FF878}
		{38F2861E-0F15-C5F9-C756-EEA1B9C47AA5} = {22F12975-A57D-18CD-5215-33BB9E8FF878}
		{45376D9D-0EE6-E1BF-B388-906755B7985D} = {22F12975-A57D-18CD-5215-33BB9E8FF878}
		{519B83A2-F4B8-C885-2331-B1CCB34356B1} = {22F12975-A57D-18CD-5215-33BB9E8FF878}
		{1A289AE6-4FCA-8EDE-C461-E608B2CA8203} = {22F12975-A57D-18CD-5215-33BB9E8FF878}
		{2E98D09C-F401-5755-563E-FB6E4809F02E} = {22F12975-A57D-18CD-5215-33BB9E8FF878}
	EndGlobalSection
	GlobalSection(ExtensibilityGlobals) = postSolution
		SolutionGuid = {9113BB72-7398-4409-A126-548B9E2D0B70}
	EndGlobalSection
EndGlobal
